// !$*UTF8*$!
{
	archiveVersion = 1;
	classes = {
	};
	objectVersion = 46;
	objects = {

/* Begin PBXBuildFile section */
		4F314F161D9373B200EAFAA3 /* vision_header@2x.png in Resources */ = {isa = PBXBuildFile; fileRef = 4F314F151D9373B200EAFAA3 /* vision_header@2x.png */; };
		4F314F181D93743D00EAFAA3 /* share@2x.png in Resources */ = {isa = PBXBuildFile; fileRef = 4F314F171D93743D00EAFAA3 /* share@2x.png */; };
		4F314F1A1D93746700EAFAA3 /* notfound@2x.png in Resources */ = {isa = PBXBuildFile; fileRef = 4F314F191D93746700EAFAA3 /* notfound@2x.png */; };
		4F314F1C1D9374EB00EAFAA3 /* passImage.png in Resources */ = {isa = PBXBuildFile; fileRef = 4F314F1B1D9374EB00EAFAA3 /* passImage.png */; };
		4F314F1F1D937E0900EAFAA3 /* ToTopLabel.m in Sources */ = {isa = PBXBuildFile; fileRef = 4F314F1E1D937E0900EAFAA3 /* ToTopLabel.m */; };
		4F314F221D93BC5500EAFAA3 /* VisionMagDetailViewController.m in Sources */ = {isa = PBXBuildFile; fileRef = 4F314F211D93BC5500EAFAA3 /* VisionMagDetailViewController.m */; };
		4F314F2A1D93C00E00EAFAA3 /* first@2x.png in Resources */ = {isa = PBXBuildFile; fileRef = 4F314F261D93C00E00EAFAA3 /* first@2x.png */; };
		4F314F2B1D93C00E00EAFAA3 /* last@2x.png in Resources */ = {isa = PBXBuildFile; fileRef = 4F314F271D93C00E00EAFAA3 /* last@2x.png */; };
		4F314F2C1D93C00E00EAFAA3 /* next@2x.png in Resources */ = {isa = PBXBuildFile; fileRef = 4F314F281D93C00E00EAFAA3 /* next@2x.png */; };
		4F314F2D1D93C00E00EAFAA3 /* previous@2x.png in Resources */ = {isa = PBXBuildFile; fileRef = 4F314F291D93C00E00EAFAA3 /* previous@2x.png */; };
		4F314F2F1D93C35700EAFAA3 /* return@2x.png in Resources */ = {isa = PBXBuildFile; fileRef = 4F314F2E1D93C35700EAFAA3 /* return@2x.png */; };
		4F314F321D93C45700EAFAA3 /* Tool.m in Sources */ = {isa = PBXBuildFile; fileRef = 4F314F311D93C45700EAFAA3 /* Tool.m */; };
		4F314F341D93C7BD00EAFAA3 /* nav_backgroud@2x.png in Resources */ = {isa = PBXBuildFile; fileRef = 4F314F331D93C7BD00EAFAA3 /* nav_backgroud@2x.png */; };
		4F7E2DA91D9257B900C5E6E8 /* main.m in Sources */ = {isa = PBXBuildFile; fileRef = 4F7E2DA81D9257B900C5E6E8 /* main.m */; };
		4F7E2DAC1D9257B900C5E6E8 /* AppDelegate.m in Sources */ = {isa = PBXBuildFile; fileRef = 4F7E2DAB1D9257B900C5E6E8 /* AppDelegate.m */; };
		4F7E2DB21D9257B900C5E6E8 /* Main.storyboard in Resources */ = {isa = PBXBuildFile; fileRef = 4F7E2DB01D9257B900C5E6E8 /* Main.storyboard */; };
		4F7E2DB41D9257B900C5E6E8 /* Assets.xcassets in Resources */ = {isa = PBXBuildFile; fileRef = 4F7E2DB31D9257B900C5E6E8 /* Assets.xcassets */; };
		4F7E2DB71D9257B900C5E6E8 /* LaunchScreen.storyboard in Resources */ = {isa = PBXBuildFile; fileRef = 4F7E2DB51D9257B900C5E6E8 /* LaunchScreen.storyboard */; };
		4F7E2DC21D9257B900C5E6E8 /* CreativeMagazineUITests.m in Sources */ = {isa = PBXBuildFile; fileRef = 4F7E2DC11D9257B900C5E6E8 /* CreativeMagazineUITests.m */; };
		4F7E2DCE1D925FAC00C5E6E8 /* BootViewController.m in Sources */ = {isa = PBXBuildFile; fileRef = 4F7E2DCD1D925FAC00C5E6E8 /* BootViewController.m */; };
		4F7E2DD21D9266A200C5E6E8 /* Default@2x.png in Resources */ = {isa = PBXBuildFile; fileRef = 4F7E2DD11D9266A200C5E6E8 /* Default@2x.png */; };
		4F7E2DD51D926CFD00C5E6E8 /* NTViewController.m in Sources */ = {isa = PBXBuildFile; fileRef = 4F7E2DD41D926CFD00C5E6E8 /* NTViewController.m */; };
		4F7E2DD71D926E5800C5E6E8 /* bottom_nav_background@2x.png in Resources */ = {isa = PBXBuildFile; fileRef = 4F7E2DD61D926E5800C5E6E8 /* bottom_nav_background@2x.png */; };
		4F7E2DDD1D926E6F00C5E6E8 /* logo1@2x.png in Resources */ = {isa = PBXBuildFile; fileRef = 4F7E2DD81D926E6F00C5E6E8 /* logo1@2x.png */; };
		4F7E2DDE1D926E6F00C5E6E8 /* logo2@2x.png in Resources */ = {isa = PBXBuildFile; fileRef = 4F7E2DD91D926E6F00C5E6E8 /* logo2@2x.png */; };
		4F7E2DDF1D926E6F00C5E6E8 /* logo3@2x.png in Resources */ = {isa = PBXBuildFile; fileRef = 4F7E2DDA1D926E6F00C5E6E8 /* logo3@2x.png */; };
		4F7E2DE01D926E6F00C5E6E8 /* logo4@2x.png in Resources */ = {isa = PBXBuildFile; fileRef = 4F7E2DDB1D926E6F00C5E6E8 /* logo4@2x.png */; };
		4F7E2DE11D926E6F00C5E6E8 /* logo5@2x.png in Resources */ = {isa = PBXBuildFile; fileRef = 4F7E2DDC1D926E6F00C5E6E8 /* logo5@2x.png */; };
		4F7E2DE41D926F3500C5E6E8 /* SelectionViewController.m in Sources */ = {isa = PBXBuildFile; fileRef = 4F7E2DE31D926F3500C5E6E8 /* SelectionViewController.m */; };
		4F7E2DE81D926FA700C5E6E8 /* BaseNavigationViewController.m in Sources */ = {isa = PBXBuildFile; fileRef = 4F7E2DE71D926FA700C5E6E8 /* BaseNavigationViewController.m */; };
		4F7E2DEB1D92700900C5E6E8 /* NewsViewController.m in Sources */ = {isa = PBXBuildFile; fileRef = 4F7E2DEA1D92700900C5E6E8 /* NewsViewController.m */; };
		4F7E2DEE1D92707100C5E6E8 /* DesignerViewController.m in Sources */ = {isa = PBXBuildFile; fileRef = 4F7E2DED1D92707100C5E6E8 /* DesignerViewController.m */; };
		4F7E2DF11D9270BC00C5E6E8 /* ShoppingViewController.m in Sources */ = {isa = PBXBuildFile; fileRef = 4F7E2DF01D9270BC00C5E6E8 /* ShoppingViewController.m */; };
		4F7E2DF41D9270CD00C5E6E8 /* MoreViewController.m in Sources */ = {isa = PBXBuildFile; fileRef = 4F7E2DF31D9270CD00C5E6E8 /* MoreViewController.m */; };
		4F7E2DF71D92722A00C5E6E8 /* NTButton.m in Sources */ = {isa = PBXBuildFile; fileRef = 4F7E2DF61D92722A00C5E6E8 /* NTButton.m */; };
		4F7E2DFA1D92AC0400C5E6E8 /* MyRequest.m in Sources */ = {isa = PBXBuildFile; fileRef = 4F7E2DF91D92AC0400C5E6E8 /* MyRequest.m */; };
		4F8285B91D936D0500DA9BFF /* SelectionModelList.m in Sources */ = {isa = PBXBuildFile; fileRef = 4F8285B81D936D0500DA9BFF /* SelectionModelList.m */; };
		4F8285BC1D936ECB00DA9BFF /* SelectionCustomView.m in Sources */ = {isa = PBXBuildFile; fileRef = 4F8285BB1D936ECB00DA9BFF /* SelectionCustomView.m */; };
		4F8CB4A91D9B89B000180842 /* TBSaleView.m in Sources */ = {isa = PBXBuildFile; fileRef = 4F8CB4A81D9B89B000180842 /* TBSaleView.m */; };
		4F8CB4AC1D9B90CC00180842 /* CommodityDetailViewController.m in Sources */ = {isa = PBXBuildFile; fileRef = 4F8CB4AB1D9B90CC00180842 /* CommodityDetailViewController.m */; };
		4F8CB4AF1D9B9A7700180842 /* logo@2x.png in Resources */ = {isa = PBXBuildFile; fileRef = 4F8CB4AE1D9B9A7700180842 /* logo@2x.png */; };
		4F9499BE1D9A45C100F57A57 /* CommodityView.m in Sources */ = {isa = PBXBuildFile; fileRef = 4F9499BD1D9A45C100F57A57 /* CommodityView.m */; };
		4F9499C11D9A4C1200F57A57 /* CommodityViewBL.m in Sources */ = {isa = PBXBuildFile; fileRef = 4F9499C01D9A4C1200F57A57 /* CommodityViewBL.m */; };
		4F9499C41D9A4E8E00F57A57 /* ShoppingModelBaseClass.m in Sources */ = {isa = PBXBuildFile; fileRef = 4F9499C31D9A4E8E00F57A57 /* ShoppingModelBaseClass.m */; };
		4F9499C71D9A521100F57A57 /* CommodityCell.m in Sources */ = {isa = PBXBuildFile; fileRef = 4F9499C61D9A521100F57A57 /* CommodityCell.m */; };
		4F9499C91D9A5CA800F57A57 /* price@2x.png in Resources */ = {isa = PBXBuildFile; fileRef = 4F9499C81D9A5CA800F57A57 /* price@2x.png */; };
		4F9499CC1D9A6B2600F57A57 /* CategoryView.m in Sources */ = {isa = PBXBuildFile; fileRef = 4F9499CB1D9A6B2600F57A57 /* CategoryView.m */; };
		4F9499D21D9A6CBC00F57A57 /* CategoryListBaseClass.m in Sources */ = {isa = PBXBuildFile; fileRef = 4F9499D01D9A6CBC00F57A57 /* CategoryListBaseClass.m */; };
		4FD1B0B41D9BA9BE00171F9D /* FTWCache.m in Sources */ = {isa = PBXBuildFile; fileRef = 4FD1B0B31D9BA9BE00171F9D /* FTWCache.m */; };
		4FD1B0B81D9BB7CD00171F9D /* NewsData.txt in Resources */ = {isa = PBXBuildFile; fileRef = 4FD1B0B71D9BB7CD00171F9D /* NewsData.txt */; };
		4FD41E601D9B73F700BD2896 /* CategorySubViewController.m in Sources */ = {isa = PBXBuildFile; fileRef = 4FD41E5F1D9B73F700BD2896 /* CategorySubViewController.m */; };
		4FD4953E1D94FD0600A851AD /* NewsTableVC.m in Sources */ = {isa = PBXBuildFile; fileRef = 4FD4953D1D94FD0600A851AD /* NewsTableVC.m */; };
		4FD495411D9501DD00A851AD /* VisionMagModel.m in Sources */ = {isa = PBXBuildFile; fileRef = 4FD495401D9501DD00A851AD /* VisionMagModel.m */; };
		4FD495441D95089500A851AD /* NewsTableCell.m in Sources */ = {isa = PBXBuildFile; fileRef = 4FD495431D95089500A851AD /* NewsTableCell.m */; };
		4FFA4E2C1D9569E3000805BB /* Icon@2x.png in Resources */ = {isa = PBXBuildFile; fileRef = 4FFA4E2B1D9569E3000805BB /* Icon@2x.png */; };
		A6B7D2658A4936F8D14989E5 /* libPods-CreativeMagazine.a in Frameworks */ = {isa = PBXBuildFile; fileRef = CE63E0B4340E85FE1AD8C873 /* libPods-CreativeMagazine.a */; };
/* End PBXBuildFile section */

/* Begin PBXContainerItemProxy section */
		4F7E2DBE1D9257B900C5E6E8 /* PBXContainerItemProxy */ = {
			isa = PBXContainerItemProxy;
			containerPortal = 4F7E2D9C1D9257B900C5E6E8 /* Project object */;
			proxyType = 1;
			remoteGlobalIDString = 4F7E2DA31D9257B900C5E6E8;
			remoteInfo = CreativeMagazine;
		};
/* End PBXContainerItemProxy section */

/* Begin PBXFileReference section */
		067F5F668C3D3CAA49B9B176 /* Pods-CreativeMagazine.release.xcconfig */ = {isa = PBXFileReference; includeInIndex = 1; lastKnownFileType = text.xcconfig; name = "Pods-CreativeMagazine.release.xcconfig"; path = "Pods/Target Support Files/Pods-CreativeMagazine/Pods-CreativeMagazine.release.xcconfig"; sourceTree = "<group>"; };
		0CC10F5BD2AD1B221E66040F /* Pods-CreativeMagazine.debug.xcconfig */ = {isa = PBXFileReference; includeInIndex = 1; lastKnownFileType = text.xcconfig; name = "Pods-CreativeMagazine.debug.xcconfig"; path = "Pods/Target Support Files/Pods-CreativeMagazine/Pods-CreativeMagazine.debug.xcconfig"; sourceTree = "<group>"; };
		4F314F151D9373B200EAFAA3 /* vision_header@2x.png */ = {isa = PBXFileReference; lastKnownFileType = image.png; path = "vision_header@2x.png"; sourceTree = "<group>"; };
		4F314F171D93743D00EAFAA3 /* share@2x.png */ = {isa = PBXFileReference; lastKnownFileType = image.png; path = "share@2x.png"; sourceTree = "<group>"; };
		4F314F191D93746700EAFAA3 /* notfound@2x.png */ = {isa = PBXFileReference; lastKnownFileType = image.png; path = "notfound@2x.png"; sourceTree = "<group>"; };
		4F314F1B1D9374EB00EAFAA3 /* passImage.png */ = {isa = PBXFileReference; lastKnownFileType = image.png; path = passImage.png; sourceTree = "<group>"; };
		4F314F1D1D937E0900EAFAA3 /* ToTopLabel.h */ = {isa = PBXFileReference; fileEncoding = 4; lastKnownFileType = sourcecode.c.h; path = ToTopLabel.h; sourceTree = "<group>"; };
		4F314F1E1D937E0900EAFAA3 /* ToTopLabel.m */ = {isa = PBXFileReference; fileEncoding = 4; lastKnownFileType = sourcecode.c.objc; path = ToTopLabel.m; sourceTree = "<group>"; };
		4F314F201D93BC5500EAFAA3 /* VisionMagDetailViewController.h */ = {isa = PBXFileReference; fileEncoding = 4; lastKnownFileType = sourcecode.c.h; path = VisionMagDetailViewController.h; sourceTree = "<group>"; };
		4F314F211D93BC5500EAFAA3 /* VisionMagDetailViewController.m */ = {isa = PBXFileReference; fileEncoding = 4; lastKnownFileType = sourcecode.c.objc; path = VisionMagDetailViewController.m; sourceTree = "<group>"; };
		4F314F261D93C00E00EAFAA3 /* first@2x.png */ = {isa = PBXFileReference; lastKnownFileType = image.png; path = "first@2x.png"; sourceTree = "<group>"; };
		4F314F271D93C00E00EAFAA3 /* last@2x.png */ = {isa = PBXFileReference; lastKnownFileType = image.png; path = "last@2x.png"; sourceTree = "<group>"; };
		4F314F281D93C00E00EAFAA3 /* next@2x.png */ = {isa = PBXFileReference; lastKnownFileType = image.png; path = "next@2x.png"; sourceTree = "<group>"; };
		4F314F291D93C00E00EAFAA3 /* previous@2x.png */ = {isa = PBXFileReference; lastKnownFileType = image.png; path = "previous@2x.png"; sourceTree = "<group>"; };
		4F314F2E1D93C35700EAFAA3 /* return@2x.png */ = {isa = PBXFileReference; lastKnownFileType = image.png; path = "return@2x.png"; sourceTree = "<group>"; };
		4F314F301D93C45700EAFAA3 /* Tool.h */ = {isa = PBXFileReference; fileEncoding = 4; lastKnownFileType = sourcecode.c.h; path = Tool.h; sourceTree = "<group>"; };
		4F314F311D93C45700EAFAA3 /* Tool.m */ = {isa = PBXFileReference; fileEncoding = 4; lastKnownFileType = sourcecode.c.objc; path = Tool.m; sourceTree = "<group>"; };
		4F314F331D93C7BD00EAFAA3 /* nav_backgroud@2x.png */ = {isa = PBXFileReference; lastKnownFileType = image.png; path = "nav_backgroud@2x.png"; sourceTree = "<group>"; };
		4F7E2DA41D9257B900C5E6E8 /* CreativeMagazine.app */ = {isa = PBXFileReference; explicitFileType = wrapper.application; includeInIndex = 0; path = CreativeMagazine.app; sourceTree = BUILT_PRODUCTS_DIR; };
		4F7E2DA81D9257B900C5E6E8 /* main.m */ = {isa = PBXFileReference; lastKnownFileType = sourcecode.c.objc; path = main.m; sourceTree = "<group>"; };
		4F7E2DAA1D9257B900C5E6E8 /* AppDelegate.h */ = {isa = PBXFileReference; lastKnownFileType = sourcecode.c.h; path = AppDelegate.h; sourceTree = "<group>"; };
		4F7E2DAB1D9257B900C5E6E8 /* AppDelegate.m */ = {isa = PBXFileReference; lastKnownFileType = sourcecode.c.objc; path = AppDelegate.m; sourceTree = "<group>"; };
		4F7E2DB11D9257B900C5E6E8 /* Base */ = {isa = PBXFileReference; lastKnownFileType = file.storyboard; name = Base; path = Base.lproj/Main.storyboard; sourceTree = "<group>"; };
		4F7E2DB31D9257B900C5E6E8 /* Assets.xcassets */ = {isa = PBXFileReference; lastKnownFileType = folder.assetcatalog; path = Assets.xcassets; sourceTree = "<group>"; };
		4F7E2DB61D9257B900C5E6E8 /* Base */ = {isa = PBXFileReference; lastKnownFileType = file.storyboard; name = Base; path = Base.lproj/LaunchScreen.storyboard; sourceTree = "<group>"; };
		4F7E2DB81D9257B900C5E6E8 /* Info.plist */ = {isa = PBXFileReference; lastKnownFileType = text.plist.xml; path = Info.plist; sourceTree = "<group>"; };
		4F7E2DBD1D9257B900C5E6E8 /* CreativeMagazineUITests.xctest */ = {isa = PBXFileReference; explicitFileType = wrapper.cfbundle; includeInIndex = 0; path = CreativeMagazineUITests.xctest; sourceTree = BUILT_PRODUCTS_DIR; };
		4F7E2DC11D9257B900C5E6E8 /* CreativeMagazineUITests.m */ = {isa = PBXFileReference; lastKnownFileType = sourcecode.c.objc; path = CreativeMagazineUITests.m; sourceTree = "<group>"; };
		4F7E2DC31D9257B900C5E6E8 /* Info.plist */ = {isa = PBXFileReference; lastKnownFileType = text.plist.xml; path = Info.plist; sourceTree = "<group>"; };
		4F7E2DCC1D925FAC00C5E6E8 /* BootViewController.h */ = {isa = PBXFileReference; fileEncoding = 4; lastKnownFileType = sourcecode.c.h; path = BootViewController.h; sourceTree = "<group>"; };
		4F7E2DCD1D925FAC00C5E6E8 /* BootViewController.m */ = {isa = PBXFileReference; fileEncoding = 4; lastKnownFileType = sourcecode.c.objc; path = BootViewController.m; sourceTree = "<group>"; };
		4F7E2DCF1D925FC900C5E6E8 /* Header.h */ = {isa = PBXFileReference; fileEncoding = 4; lastKnownFileType = sourcecode.c.h; path = Header.h; sourceTree = "<group>"; };
		4F7E2DD11D9266A200C5E6E8 /* Default@2x.png */ = {isa = PBXFileReference; lastKnownFileType = image.png; path = "Default@2x.png"; sourceTree = "<group>"; };
		4F7E2DD31D926CFD00C5E6E8 /* NTViewController.h */ = {isa = PBXFileReference; fileEncoding = 4; lastKnownFileType = sourcecode.c.h; path = NTViewController.h; sourceTree = "<group>"; };
		4F7E2DD41D926CFD00C5E6E8 /* NTViewController.m */ = {isa = PBXFileReference; fileEncoding = 4; lastKnownFileType = sourcecode.c.objc; path = NTViewController.m; sourceTree = "<group>"; };
		4F7E2DD61D926E5800C5E6E8 /* bottom_nav_background@2x.png */ = {isa = PBXFileReference; lastKnownFileType = image.png; path = "bottom_nav_background@2x.png"; sourceTree = "<group>"; };
		4F7E2DD81D926E6F00C5E6E8 /* logo1@2x.png */ = {isa = PBXFileReference; lastKnownFileType = image.png; path = "logo1@2x.png"; sourceTree = "<group>"; };
		4F7E2DD91D926E6F00C5E6E8 /* logo2@2x.png */ = {isa = PBXFileReference; lastKnownFileType = image.png; path = "logo2@2x.png"; sourceTree = "<group>"; };
		4F7E2DDA1D926E6F00C5E6E8 /* logo3@2x.png */ = {isa = PBXFileReference; lastKnownFileType = image.png; path = "logo3@2x.png"; sourceTree = "<group>"; };
		4F7E2DDB1D926E6F00C5E6E8 /* logo4@2x.png */ = {isa = PBXFileReference; lastKnownFileType = image.png; path = "logo4@2x.png"; sourceTree = "<group>"; };
		4F7E2DDC1D926E6F00C5E6E8 /* logo5@2x.png */ = {isa = PBXFileReference; lastKnownFileType = image.png; path = "logo5@2x.png"; sourceTree = "<group>"; };
		4F7E2DE21D926F3500C5E6E8 /* SelectionViewController.h */ = {isa = PBXFileReference; fileEncoding = 4; lastKnownFileType = sourcecode.c.h; path = SelectionViewController.h; sourceTree = "<group>"; };
		4F7E2DE31D926F3500C5E6E8 /* SelectionViewController.m */ = {isa = PBXFileReference; fileEncoding = 4; lastKnownFileType = sourcecode.c.objc; path = SelectionViewController.m; sourceTree = "<group>"; };
		4F7E2DE61D926FA700C5E6E8 /* BaseNavigationViewController.h */ = {isa = PBXFileReference; fileEncoding = 4; lastKnownFileType = sourcecode.c.h; path = BaseNavigationViewController.h; sourceTree = "<group>"; };
		4F7E2DE71D926FA700C5E6E8 /* BaseNavigationViewController.m */ = {isa = PBXFileReference; fileEncoding = 4; lastKnownFileType = sourcecode.c.objc; path = BaseNavigationViewController.m; sourceTree = "<group>"; };
		4F7E2DE91D92700900C5E6E8 /* NewsViewController.h */ = {isa = PBXFileReference; fileEncoding = 4; lastKnownFileType = sourcecode.c.h; path = NewsViewController.h; sourceTree = "<group>"; };
		4F7E2DEA1D92700900C5E6E8 /* NewsViewController.m */ = {isa = PBXFileReference; fileEncoding = 4; lastKnownFileType = sourcecode.c.objc; path = NewsViewController.m; sourceTree = "<group>"; };
		4F7E2DEC1D92707100C5E6E8 /* DesignerViewController.h */ = {isa = PBXFileReference; fileEncoding = 4; lastKnownFileType = sourcecode.c.h; path = DesignerViewController.h; sourceTree = "<group>"; };
		4F7E2DED1D92707100C5E6E8 /* DesignerViewController.m */ = {isa = PBXFileReference; fileEncoding = 4; lastKnownFileType = sourcecode.c.objc; path = DesignerViewController.m; sourceTree = "<group>"; };
		4F7E2DEF1D9270BC00C5E6E8 /* ShoppingViewController.h */ = {isa = PBXFileReference; fileEncoding = 4; lastKnownFileType = sourcecode.c.h; path = ShoppingViewController.h; sourceTree = "<group>"; };
		4F7E2DF01D9270BC00C5E6E8 /* ShoppingViewController.m */ = {isa = PBXFileReference; fileEncoding = 4; lastKnownFileType = sourcecode.c.objc; path = ShoppingViewController.m; sourceTree = "<group>"; };
		4F7E2DF21D9270CD00C5E6E8 /* MoreViewController.h */ = {isa = PBXFileReference; fileEncoding = 4; lastKnownFileType = sourcecode.c.h; path = MoreViewController.h; sourceTree = "<group>"; };
		4F7E2DF31D9270CD00C5E6E8 /* MoreViewController.m */ = {isa = PBXFileReference; fileEncoding = 4; lastKnownFileType = sourcecode.c.objc; path = MoreViewController.m; sourceTree = "<group>"; };
		4F7E2DF51D92722A00C5E6E8 /* NTButton.h */ = {isa = PBXFileReference; fileEncoding = 4; lastKnownFileType = sourcecode.c.h; path = NTButton.h; sourceTree = "<group>"; };
		4F7E2DF61D92722A00C5E6E8 /* NTButton.m */ = {isa = PBXFileReference; fileEncoding = 4; lastKnownFileType = sourcecode.c.objc; path = NTButton.m; sourceTree = "<group>"; };
		4F7E2DF81D92AC0400C5E6E8 /* MyRequest.h */ = {isa = PBXFileReference; fileEncoding = 4; lastKnownFileType = sourcecode.c.h; path = MyRequest.h; sourceTree = "<group>"; };
		4F7E2DF91D92AC0400C5E6E8 /* MyRequest.m */ = {isa = PBXFileReference; fileEncoding = 4; lastKnownFileType = sourcecode.c.objc; path = MyRequest.m; sourceTree = "<group>"; };
		4F8285B61D936D0500DA9BFF /* DataModels.h */ = {isa = PBXFileReference; fileEncoding = 4; lastKnownFileType = sourcecode.c.h; path = DataModels.h; sourceTree = "<group>"; };
		4F8285B71D936D0500DA9BFF /* SelectionModelList.h */ = {isa = PBXFileReference; fileEncoding = 4; lastKnownFileType = sourcecode.c.h; path = SelectionModelList.h; sourceTree = "<group>"; };
		4F8285B81D936D0500DA9BFF /* SelectionModelList.m */ = {isa = PBXFileReference; fileEncoding = 4; lastKnownFileType = sourcecode.c.objc; path = SelectionModelList.m; sourceTree = "<group>"; };
		4F8285BA1D936ECB00DA9BFF /* SelectionCustomView.h */ = {isa = PBXFileReference; fileEncoding = 4; lastKnownFileType = sourcecode.c.h; path = SelectionCustomView.h; sourceTree = "<group>"; };
		4F8285BB1D936ECB00DA9BFF /* SelectionCustomView.m */ = {isa = PBXFileReference; fileEncoding = 4; lastKnownFileType = sourcecode.c.objc; path = SelectionCustomView.m; sourceTree = "<group>"; };
		4F8CB4A71D9B89B000180842 /* TBSaleView.h */ = {isa = PBXFileReference; fileEncoding = 4; lastKnownFileType = sourcecode.c.h; path = TBSaleView.h; sourceTree = "<group>"; };
		4F8CB4A81D9B89B000180842 /* TBSaleView.m */ = {isa = PBXFileReference; fileEncoding = 4; lastKnownFileType = sourcecode.c.objc; path = TBSaleView.m; sourceTree = "<group>"; };
		4F8CB4AA1D9B90CC00180842 /* CommodityDetailViewController.h */ = {isa = PBXFileReference; fileEncoding = 4; lastKnownFileType = sourcecode.c.h; path = CommodityDetailViewController.h; sourceTree = "<group>"; };
		4F8CB4AB1D9B90CC00180842 /* CommodityDetailViewController.m */ = {isa = PBXFileReference; fileEncoding = 4; lastKnownFileType = sourcecode.c.objc; path = CommodityDetailViewController.m; sourceTree = "<group>"; };
		4F8CB4AE1D9B9A7700180842 /* logo@2x.png */ = {isa = PBXFileReference; lastKnownFileType = image.png; path = "logo@2x.png"; sourceTree = "<group>"; };
		4F9499BC1D9A45C100F57A57 /* CommodityView.h */ = {isa = PBXFileReference; fileEncoding = 4; lastKnownFileType = sourcecode.c.h; path = CommodityView.h; sourceTree = "<group>"; };
		4F9499BD1D9A45C100F57A57 /* CommodityView.m */ = {isa = PBXFileReference; fileEncoding = 4; lastKnownFileType = sourcecode.c.objc; path = CommodityView.m; sourceTree = "<group>"; };
		4F9499BF1D9A4C1200F57A57 /* CommodityViewBL.h */ = {isa = PBXFileReference; fileEncoding = 4; lastKnownFileType = sourcecode.c.h; path = CommodityViewBL.h; sourceTree = "<group>"; };
		4F9499C01D9A4C1200F57A57 /* CommodityViewBL.m */ = {isa = PBXFileReference; fileEncoding = 4; lastKnownFileType = sourcecode.c.objc; path = CommodityViewBL.m; sourceTree = "<group>"; };
		4F9499C21D9A4E8E00F57A57 /* ShoppingModelBaseClass.h */ = {isa = PBXFileReference; fileEncoding = 4; lastKnownFileType = sourcecode.c.h; path = ShoppingModelBaseClass.h; sourceTree = "<group>"; };
		4F9499C31D9A4E8E00F57A57 /* ShoppingModelBaseClass.m */ = {isa = PBXFileReference; fileEncoding = 4; lastKnownFileType = sourcecode.c.objc; path = ShoppingModelBaseClass.m; sourceTree = "<group>"; };
		4F9499C51D9A521100F57A57 /* CommodityCell.h */ = {isa = PBXFileReference; fileEncoding = 4; lastKnownFileType = sourcecode.c.h; path = CommodityCell.h; sourceTree = "<group>"; };
		4F9499C61D9A521100F57A57 /* CommodityCell.m */ = {isa = PBXFileReference; fileEncoding = 4; lastKnownFileType = sourcecode.c.objc; path = CommodityCell.m; sourceTree = "<group>"; };
		4F9499C81D9A5CA800F57A57 /* price@2x.png */ = {isa = PBXFileReference; lastKnownFileType = image.png; path = "price@2x.png"; sourceTree = "<group>"; };
		4F9499CA1D9A6B2600F57A57 /* CategoryView.h */ = {isa = PBXFileReference; fileEncoding = 4; lastKnownFileType = sourcecode.c.h; path = CategoryView.h; sourceTree = "<group>"; };
		4F9499CB1D9A6B2600F57A57 /* CategoryView.m */ = {isa = PBXFileReference; fileEncoding = 4; lastKnownFileType = sourcecode.c.objc; path = CategoryView.m; sourceTree = "<group>"; };
		4F9499D01D9A6CBC00F57A57 /* CategoryListBaseClass.m */ = {isa = PBXFileReference; fileEncoding = 4; lastKnownFileType = sourcecode.c.objc; path = CategoryListBaseClass.m; sourceTree = "<group>"; };
		4F9499D11D9A6CBC00F57A57 /* CategoryListBaseClass.h */ = {isa = PBXFileReference; fileEncoding = 4; lastKnownFileType = sourcecode.c.h; path = CategoryListBaseClass.h; sourceTree = "<group>"; };
		4FD1B0B21D9BA9BE00171F9D /* FTWCache.h */ = {isa = PBXFileReference; fileEncoding = 4; lastKnownFileType = sourcecode.c.h; path = FTWCache.h; sourceTree = "<group>"; };
		4FD1B0B31D9BA9BE00171F9D /* FTWCache.m */ = {isa = PBXFileReference; fileEncoding = 4; lastKnownFileType = sourcecode.c.objc; path = FTWCache.m; sourceTree = "<group>"; };
		4FD1B0B71D9BB7CD00171F9D /* NewsData.txt */ = {isa = PBXFileReference; fileEncoding = 4; lastKnownFileType = text; path = NewsData.txt; sourceTree = "<group>"; };
		4FD41E5E1D9B73F700BD2896 /* CategorySubViewController.h */ = {isa = PBXFileReference; fileEncoding = 4; lastKnownFileType = sourcecode.c.h; path = CategorySubViewController.h; sourceTree = "<group>"; };
		4FD41E5F1D9B73F700BD2896 /* CategorySubViewController.m */ = {isa = PBXFileReference; fileEncoding = 4; lastKnownFileType = sourcecode.c.objc; path = CategorySubViewController.m; sourceTree = "<group>"; };
		4FD4953C1D94FD0600A851AD /* NewsTableVC.h */ = {isa = PBXFileReference; fileEncoding = 4; lastKnownFileType = sourcecode.c.h; path = NewsTableVC.h; sourceTree = "<group>"; };
		4FD4953D1D94FD0600A851AD /* NewsTableVC.m */ = {isa = PBXFileReference; fileEncoding = 4; lastKnownFileType = sourcecode.c.objc; path = NewsTableVC.m; sourceTree = "<group>"; };
		4FD4953F1D9501DD00A851AD /* VisionMagModel.h */ = {isa = PBXFileReference; fileEncoding = 4; lastKnownFileType = sourcecode.c.h; path = VisionMagModel.h; sourceTree = "<group>"; };
		4FD495401D9501DD00A851AD /* VisionMagModel.m */ = {isa = PBXFileReference; fileEncoding = 4; lastKnownFileType = sourcecode.c.objc; path = VisionMagModel.m; sourceTree = "<group>"; };
		4FD495421D95089500A851AD /* NewsTableCell.h */ = {isa = PBXFileReference; fileEncoding = 4; lastKnownFileType = sourcecode.c.h; path = NewsTableCell.h; sourceTree = "<group>"; };
		4FD495431D95089500A851AD /* NewsTableCell.m */ = {isa = PBXFileReference; fileEncoding = 4; lastKnownFileType = sourcecode.c.objc; path = NewsTableCell.m; sourceTree = "<group>"; };
		4FFA4E2B1D9569E3000805BB /* Icon@2x.png */ = {isa = PBXFileReference; lastKnownFileType = image.png; path = "Icon@2x.png"; sourceTree = "<group>"; };
		CE63E0B4340E85FE1AD8C873 /* libPods-CreativeMagazine.a */ = {isa = PBXFileReference; explicitFileType = archive.ar; includeInIndex = 0; path = "libPods-CreativeMagazine.a"; sourceTree = BUILT_PRODUCTS_DIR; };
/* End PBXFileReference section */

/* Begin PBXFrameworksBuildPhase section */
		4F7E2DA11D9257B900C5E6E8 /* Frameworks */ = {
			isa = PBXFrameworksBuildPhase;
			buildActionMask = 2147483647;
			files = (
				A6B7D2658A4936F8D14989E5 /* libPods-CreativeMagazine.a in Frameworks */,
			);
			runOnlyForDeploymentPostprocessing = 0;
		};
		4F7E2DBA1D9257B900C5E6E8 /* Frameworks */ = {
			isa = PBXFrameworksBuildPhase;
			buildActionMask = 2147483647;
			files = (
			);
			runOnlyForDeploymentPostprocessing = 0;
		};
/* End PBXFrameworksBuildPhase section */

/* Begin PBXGroup section */
		43D5607484AC7D16EB047DED /* Frameworks */ = {
			isa = PBXGroup;
			children = (
				CE63E0B4340E85FE1AD8C873 /* libPods-CreativeMagazine.a */,
			);
			name = Frameworks;
			sourceTree = "<group>";
		};
		4F314F351D93D9C800EAFAA3 /* VisionMagDetailVC(详情) */ = {
			isa = PBXGroup;
			children = (
				4F314F201D93BC5500EAFAA3 /* VisionMagDetailViewController.h */,
				4F314F211D93BC5500EAFAA3 /* VisionMagDetailViewController.m */,
			);
			name = "VisionMagDetailVC(详情)";
			sourceTree = "<group>";
		};
		4F314F361D93DA1C00EAFAA3 /* Tools(工具) */ = {
			isa = PBXGroup;
			children = (
				4FD1B0B21D9BA9BE00171F9D /* FTWCache.h */,
				4FD1B0B31D9BA9BE00171F9D /* FTWCache.m */,
				4F7E2DF81D92AC0400C5E6E8 /* MyRequest.h */,
				4F7E2DF91D92AC0400C5E6E8 /* MyRequest.m */,
				4F314F301D93C45700EAFAA3 /* Tool.h */,
				4F314F311D93C45700EAFAA3 /* Tool.m */,
				4F314F1D1D937E0900EAFAA3 /* ToTopLabel.h */,
				4F314F1E1D937E0900EAFAA3 /* ToTopLabel.m */,
				4F7E2DCF1D925FC900C5E6E8 /* Header.h */,
			);
			name = "Tools(工具)";
			sourceTree = "<group>";
		};
		4F7E2D9B1D9257B900C5E6E8 = {
			isa = PBXGroup;
			children = (
				4F7E2DA61D9257B900C5E6E8 /* CreativeMagazine */,
				4F7E2DC01D9257B900C5E6E8 /* CreativeMagazineUITests */,
				4F7E2DA51D9257B900C5E6E8 /* Products */,
				A0BFB435523609187CB714B4 /* Pods */,
				43D5607484AC7D16EB047DED /* Frameworks */,
			);
			sourceTree = "<group>";
		};
		4F7E2DA51D9257B900C5E6E8 /* Products */ = {
			isa = PBXGroup;
			children = (
				4F7E2DA41D9257B900C5E6E8 /* CreativeMagazine.app */,
				4F7E2DBD1D9257B900C5E6E8 /* CreativeMagazineUITests.xctest */,
			);
			name = Products;
			sourceTree = "<group>";
		};
		4F7E2DA61D9257B900C5E6E8 /* CreativeMagazine */ = {
			isa = PBXGroup;
			children = (
				4F7E2DAA1D9257B900C5E6E8 /* AppDelegate.h */,
				4F7E2DAB1D9257B900C5E6E8 /* AppDelegate.m */,
				4F7E2DE51D926F7B00C5E6E8 /* TabbarVC */,
				4F8285B51D936CF900DA9BFF /* Model */,
				4F314F361D93DA1C00EAFAA3 /* Tools(工具) */,
				4F8285BD1D936ED100DA9BFF /* Selection(精选) */,
				4F314F351D93D9C800EAFAA3 /* VisionMagDetailVC(详情) */,
				4FD4953B1D94FCD600A851AD /* News(鲜资讯) */,
				4F9499CD1D9A6C2400F57A57 /* Designer(设计师) */,
				4F9499CE1D9A6C4500F57A57 /* Shopping(购创意) */,
				4F7E2DF21D9270CD00C5E6E8 /* MoreViewController.h */,
				4F7E2DF31D9270CD00C5E6E8 /* MoreViewController.m */,
				4F7E2DB01D9257B900C5E6E8 /* Main.storyboard */,
				4F7E2DB31D9257B900C5E6E8 /* Assets.xcassets */,
				4F7E2DB51D9257B900C5E6E8 /* LaunchScreen.storyboard */,
				4F7E2DA71D9257B900C5E6E8 /* Supporting Files */,
			);
			path = CreativeMagazine;
			sourceTree = "<group>";
		};
		4F7E2DA71D9257B900C5E6E8 /* Supporting Files */ = {
			isa = PBXGroup;
			children = (
				4F7E2DD01D92669700C5E6E8 /* 2x */,
				4F7E2DB81D9257B900C5E6E8 /* Info.plist */,
				4F7E2DA81D9257B900C5E6E8 /* main.m */,
			);
			name = "Supporting Files";
			sourceTree = "<group>";
		};
		4F7E2DC01D9257B900C5E6E8 /* CreativeMagazineUITests */ = {
			isa = PBXGroup;
			children = (
				4F7E2DC11D9257B900C5E6E8 /* CreativeMagazineUITests.m */,
				4F7E2DC31D9257B900C5E6E8 /* Info.plist */,
			);
			path = CreativeMagazineUITests;
			sourceTree = "<group>";
		};
		4F7E2DD01D92669700C5E6E8 /* 2x */ = {
			isa = PBXGroup;
			children = (
				4F8CB4AE1D9B9A7700180842 /* logo@2x.png */,
				4F9499C81D9A5CA800F57A57 /* price@2x.png */,
				4FFA4E2B1D9569E3000805BB /* Icon@2x.png */,
				4F314F331D93C7BD00EAFAA3 /* nav_backgroud@2x.png */,
				4F314F2E1D93C35700EAFAA3 /* return@2x.png */,
				4F314F261D93C00E00EAFAA3 /* first@2x.png */,
				4F314F271D93C00E00EAFAA3 /* last@2x.png */,
				4F314F281D93C00E00EAFAA3 /* next@2x.png */,
				4F314F291D93C00E00EAFAA3 /* previous@2x.png */,
				4F314F1B1D9374EB00EAFAA3 /* passImage.png */,
				4F314F191D93746700EAFAA3 /* notfound@2x.png */,
				4F314F171D93743D00EAFAA3 /* share@2x.png */,
				4F314F151D9373B200EAFAA3 /* vision_header@2x.png */,
				4F7E2DD81D926E6F00C5E6E8 /* logo1@2x.png */,
				4F7E2DD91D926E6F00C5E6E8 /* logo2@2x.png */,
				4F7E2DDA1D926E6F00C5E6E8 /* logo3@2x.png */,
				4F7E2DDB1D926E6F00C5E6E8 /* logo4@2x.png */,
				4F7E2DDC1D926E6F00C5E6E8 /* logo5@2x.png */,
				4F7E2DD11D9266A200C5E6E8 /* Default@2x.png */,
				4F7E2DD61D926E5800C5E6E8 /* bottom_nav_background@2x.png */,
			);
			path = 2x;
			sourceTree = "<group>";
		};
		4F7E2DE51D926F7B00C5E6E8 /* TabbarVC */ = {
			isa = PBXGroup;
			children = (
				4F7E2DCC1D925FAC00C5E6E8 /* BootViewController.h */,
				4F7E2DCD1D925FAC00C5E6E8 /* BootViewController.m */,
				4F7E2DD31D926CFD00C5E6E8 /* NTViewController.h */,
				4F7E2DD41D926CFD00C5E6E8 /* NTViewController.m */,
				4F7E2DF51D92722A00C5E6E8 /* NTButton.h */,
				4F7E2DF61D92722A00C5E6E8 /* NTButton.m */,
				4F7E2DE61D926FA700C5E6E8 /* BaseNavigationViewController.h */,
				4F7E2DE71D926FA700C5E6E8 /* BaseNavigationViewController.m */,
			);
			name = TabbarVC;
			sourceTree = "<group>";
		};
		4F8285B51D936CF900DA9BFF /* Model */ = {
			isa = PBXGroup;
			children = (
				4F9499D01D9A6CBC00F57A57 /* CategoryListBaseClass.m */,
				4F9499D11D9A6CBC00F57A57 /* CategoryListBaseClass.h */,
				4F9499C21D9A4E8E00F57A57 /* ShoppingModelBaseClass.h */,
				4F9499C31D9A4E8E00F57A57 /* ShoppingModelBaseClass.m */,
				4F8285B61D936D0500DA9BFF /* DataModels.h */,
				4F8285B71D936D0500DA9BFF /* SelectionModelList.h */,
				4F8285B81D936D0500DA9BFF /* SelectionModelList.m */,
				4FD4953F1D9501DD00A851AD /* VisionMagModel.h */,
				4FD495401D9501DD00A851AD /* VisionMagModel.m */,
			);
			name = Model;
			sourceTree = "<group>";
		};
		4F8285BD1D936ED100DA9BFF /* Selection(精选) */ = {
			isa = PBXGroup;
			children = (
				4F7E2DE21D926F3500C5E6E8 /* SelectionViewController.h */,
				4F7E2DE31D926F3500C5E6E8 /* SelectionViewController.m */,
				4F8285BA1D936ECB00DA9BFF /* SelectionCustomView.h */,
				4F8285BB1D936ECB00DA9BFF /* SelectionCustomView.m */,
			);
			name = "Selection(精选)";
			sourceTree = "<group>";
		};
		4F8CB4AD1D9B934600180842 /* TBTJ(特价+商品详情) */ = {
			isa = PBXGroup;
			children = (
				4F8CB4A71D9B89B000180842 /* TBSaleView.h */,
				4F8CB4A81D9B89B000180842 /* TBSaleView.m */,
				4F8CB4AA1D9B90CC00180842 /* CommodityDetailViewController.h */,
				4F8CB4AB1D9B90CC00180842 /* CommodityDetailViewController.m */,
			);
			name = "TBTJ(特价+商品详情)";
			sourceTree = "<group>";
		};
		4F9499CD1D9A6C2400F57A57 /* Designer(设计师) */ = {
			isa = PBXGroup;
			children = (
				4F7E2DEC1D92707100C5E6E8 /* DesignerViewController.h */,
				4F7E2DED1D92707100C5E6E8 /* DesignerViewController.m */,
			);
			name = "Designer(设计师)";
			sourceTree = "<group>";
		};
		4F9499CE1D9A6C4500F57A57 /* Shopping(购创意) */ = {
			isa = PBXGroup;
			children = (
				4F7E2DEF1D9270BC00C5E6E8 /* ShoppingViewController.h */,
				4F7E2DF01D9270BC00C5E6E8 /* ShoppingViewController.m */,
				4F8CB4AD1D9B934600180842 /* TBTJ(特价+商品详情) */,
				4F9499CF1D9A6C8300F57A57 /* Commodity(商品列表) */,
				4FD41E611D9B878A00BD2896 /* Category(类别) */,
			);
			name = "Shopping(购创意)";
			sourceTree = "<group>";
		};
		4F9499CF1D9A6C8300F57A57 /* Commodity(商品列表) */ = {
			isa = PBXGroup;
			children = (
				4F9499BC1D9A45C100F57A57 /* CommodityView.h */,
				4F9499BD1D9A45C100F57A57 /* CommodityView.m */,
				4F9499BF1D9A4C1200F57A57 /* CommodityViewBL.h */,
				4F9499C01D9A4C1200F57A57 /* CommodityViewBL.m */,
				4F9499C51D9A521100F57A57 /* CommodityCell.h */,
				4F9499C61D9A521100F57A57 /* CommodityCell.m */,
			);
			name = "Commodity(商品列表)";
			sourceTree = "<group>";
		};
		4FD41E611D9B878A00BD2896 /* Category(类别) */ = {
			isa = PBXGroup;
			children = (
				4F9499CA1D9A6B2600F57A57 /* CategoryView.h */,
				4F9499CB1D9A6B2600F57A57 /* CategoryView.m */,
				4FD41E5E1D9B73F700BD2896 /* CategorySubViewController.h */,
				4FD41E5F1D9B73F700BD2896 /* CategorySubViewController.m */,
			);
			name = "Category(类别)";
			sourceTree = "<group>";
		};
		4FD4953B1D94FCD600A851AD /* News(鲜资讯) */ = {
			isa = PBXGroup;
			children = (
				4FD1B0B71D9BB7CD00171F9D /* NewsData.txt */,
				4F7E2DE91D92700900C5E6E8 /* NewsViewController.h */,
				4F7E2DEA1D92700900C5E6E8 /* NewsViewController.m */,
				4FD4953C1D94FD0600A851AD /* NewsTableVC.h */,
				4FD4953D1D94FD0600A851AD /* NewsTableVC.m */,
				4FD495421D95089500A851AD /* NewsTableCell.h */,
				4FD495431D95089500A851AD /* NewsTableCell.m */,
			);
			name = "News(鲜资讯)";
			sourceTree = "<group>";
		};
		A0BFB435523609187CB714B4 /* Pods */ = {
			isa = PBXGroup;
			children = (
				0CC10F5BD2AD1B221E66040F /* Pods-CreativeMagazine.debug.xcconfig */,
				067F5F668C3D3CAA49B9B176 /* Pods-CreativeMagazine.release.xcconfig */,
			);
			name = Pods;
			sourceTree = "<group>";
		};
/* End PBXGroup section */

/* Begin PBXNativeTarget section */
		4F7E2DA31D9257B900C5E6E8 /* CreativeMagazine */ = {
			isa = PBXNativeTarget;
			buildConfigurationList = 4F7E2DC61D9257B900C5E6E8 /* Build configuration list for PBXNativeTarget "CreativeMagazine" */;
			buildPhases = (
				519A5844D5531F27E84C1BB0 /* [CP] Check Pods Manifest.lock */,
				4F7E2DA01D9257B900C5E6E8 /* Sources */,
				4F7E2DA11D9257B900C5E6E8 /* Frameworks */,
				4F7E2DA21D9257B900C5E6E8 /* Resources */,
				64616C5499E601461E33C803 /* [CP] Embed Pods Frameworks */,
				C84AC5A95A4D25D90E283A44 /* [CP] Copy Pods Resources */,
			);
			buildRules = (
			);
			dependencies = (
			);
			name = CreativeMagazine;
			productName = CreativeMagazine;
			productReference = 4F7E2DA41D9257B900C5E6E8 /* CreativeMagazine.app */;
			productType = "com.apple.product-type.application";
		};
		4F7E2DBC1D9257B900C5E6E8 /* CreativeMagazineUITests */ = {
			isa = PBXNativeTarget;
			buildConfigurationList = 4F7E2DC91D9257B900C5E6E8 /* Build configuration list for PBXNativeTarget "CreativeMagazineUITests" */;
			buildPhases = (
				4F7E2DB91D9257B900C5E6E8 /* Sources */,
				4F7E2DBA1D9257B900C5E6E8 /* Frameworks */,
				4F7E2DBB1D9257B900C5E6E8 /* Resources */,
			);
			buildRules = (
			);
			dependencies = (
				4F7E2DBF1D9257B900C5E6E8 /* PBXTargetDependency */,
			);
			name = CreativeMagazineUITests;
			productName = CreativeMagazineUITests;
			productReference = 4F7E2DBD1D9257B900C5E6E8 /* CreativeMagazineUITests.xctest */;
			productType = "com.apple.product-type.bundle.ui-testing";
		};
/* End PBXNativeTarget section */

/* Begin PBXProject section */
		4F7E2D9C1D9257B900C5E6E8 /* Project object */ = {
			isa = PBXProject;
			attributes = {
				LastUpgradeCheck = 0800;
				ORGANIZATIONNAME = "牛高航";
				TargetAttributes = {
					4F7E2DA31D9257B900C5E6E8 = {
						CreatedOnToolsVersion = 8.0;
						DevelopmentTeam = UWQPN2RE82;
						ProvisioningStyle = Automatic;
					};
					4F7E2DBC1D9257B900C5E6E8 = {
						CreatedOnToolsVersion = 8.0;
						ProvisioningStyle = Automatic;
						TestTargetID = 4F7E2DA31D9257B900C5E6E8;
					};
				};
			};
			buildConfigurationList = 4F7E2D9F1D9257B900C5E6E8 /* Build configuration list for PBXProject "CreativeMagazine" */;
			compatibilityVersion = "Xcode 3.2";
			developmentRegion = English;
			hasScannedForEncodings = 0;
			knownRegions = (
				en,
				Base,
			);
			mainGroup = 4F7E2D9B1D9257B900C5E6E8;
			productRefGroup = 4F7E2DA51D9257B900C5E6E8 /* Products */;
			projectDirPath = "";
			projectRoot = "";
			targets = (
				4F7E2DA31D9257B900C5E6E8 /* CreativeMagazine */,
				4F7E2DBC1D9257B900C5E6E8 /* CreativeMagazineUITests */,
			);
		};
/* End PBXProject section */

/* Begin PBXResourcesBuildPhase section */
		4F7E2DA21D9257B900C5E6E8 /* Resources */ = {
			isa = PBXResourcesBuildPhase;
			buildActionMask = 2147483647;
			files = (
				4F8CB4AF1D9B9A7700180842 /* logo@2x.png in Resources */,
				4F7E2DD21D9266A200C5E6E8 /* Default@2x.png in Resources */,
				4F314F2D1D93C00E00EAFAA3 /* previous@2x.png in Resources */,
				4F314F161D9373B200EAFAA3 /* vision_header@2x.png in Resources */,
				4F314F2F1D93C35700EAFAA3 /* return@2x.png in Resources */,
				4F7E2DE01D926E6F00C5E6E8 /* logo4@2x.png in Resources */,
				4F314F2A1D93C00E00EAFAA3 /* first@2x.png in Resources */,
				4F7E2DB71D9257B900C5E6E8 /* LaunchScreen.storyboard in Resources */,
				4F7E2DB41D9257B900C5E6E8 /* Assets.xcassets in Resources */,
				4FD1B0B81D9BB7CD00171F9D /* NewsData.txt in Resources */,
				4F7E2DB21D9257B900C5E6E8 /* Main.storyboard in Resources */,
				4F7E2DD71D926E5800C5E6E8 /* bottom_nav_background@2x.png in Resources */,
				4F7E2DDF1D926E6F00C5E6E8 /* logo3@2x.png in Resources */,
				4F314F341D93C7BD00EAFAA3 /* nav_backgroud@2x.png in Resources */,
				4F314F1A1D93746700EAFAA3 /* notfound@2x.png in Resources */,
				4F314F181D93743D00EAFAA3 /* share@2x.png in Resources */,
				4F9499C91D9A5CA800F57A57 /* price@2x.png in Resources */,
				4F314F1C1D9374EB00EAFAA3 /* passImage.png in Resources */,
				4F314F2C1D93C00E00EAFAA3 /* next@2x.png in Resources */,
				4FFA4E2C1D9569E3000805BB /* Icon@2x.png in Resources */,
				4F314F2B1D93C00E00EAFAA3 /* last@2x.png in Resources */,
				4F7E2DDE1D926E6F00C5E6E8 /* logo2@2x.png in Resources */,
				4F7E2DDD1D926E6F00C5E6E8 /* logo1@2x.png in Resources */,
				4F7E2DE11D926E6F00C5E6E8 /* logo5@2x.png in Resources */,
			);
			runOnlyForDeploymentPostprocessing = 0;
		};
		4F7E2DBB1D9257B900C5E6E8 /* Resources */ = {
			isa = PBXResourcesBuildPhase;
			buildActionMask = 2147483647;
			files = (
			);
			runOnlyForDeploymentPostprocessing = 0;
		};
/* End PBXResourcesBuildPhase section */

/* Begin PBXShellScriptBuildPhase section */
		519A5844D5531F27E84C1BB0 /* [CP] Check Pods Manifest.lock */ = {
			isa = PBXShellScriptBuildPhase;
			buildActionMask = 2147483647;
			files = (
			);
			inputPaths = (
			);
			name = "[CP] Check Pods Manifest.lock";
			outputPaths = (
			);
			runOnlyForDeploymentPostprocessing = 0;
			shellPath = /bin/sh;
			shellScript = "diff \"${PODS_ROOT}/../Podfile.lock\" \"${PODS_ROOT}/Manifest.lock\" > /dev/null\nif [[ $? != 0 ]] ; then\n    cat << EOM\nerror: The sandbox is not in sync with the Podfile.lock. Run 'pod install' or update your CocoaPods installation.\nEOM\n    exit 1\nfi\n";
			showEnvVarsInLog = 0;
		};
		64616C5499E601461E33C803 /* [CP] Embed Pods Frameworks */ = {
			isa = PBXShellScriptBuildPhase;
			buildActionMask = 2147483647;
			files = (
			);
			inputPaths = (
			);
			name = "[CP] Embed Pods Frameworks";
			outputPaths = (
			);
			runOnlyForDeploymentPostprocessing = 0;
			shellPath = /bin/sh;
			shellScript = "\"${SRCROOT}/Pods/Target Support Files/Pods-CreativeMagazine/Pods-CreativeMagazine-frameworks.sh\"\n";
			showEnvVarsInLog = 0;
		};
		C84AC5A95A4D25D90E283A44 /* [CP] Copy Pods Resources */ = {
			isa = PBXShellScriptBuildPhase;
			buildActionMask = 2147483647;
			files = (
			);
			inputPaths = (
			);
			name = "[CP] Copy Pods Resources";
			outputPaths = (
			);
			runOnlyForDeploymentPostprocessing = 0;
			shellPath = /bin/sh;
			shellScript = "\"${SRCROOT}/Pods/Target Support Files/Pods-CreativeMagazine/Pods-CreativeMagazine-resources.sh\"\n";
			showEnvVarsInLog = 0;
		};
/* End PBXShellScriptBuildPhase section */

/* Begin PBXSourcesBuildPhase section */
		4F7E2DA01D9257B900C5E6E8 /* Sources */ = {
			isa = PBXSourcesBuildPhase;
			buildActionMask = 2147483647;
			files = (
				4F7E2DAC1D9257B900C5E6E8 /* AppDelegate.m in Sources */,
				4F7E2DF11D9270BC00C5E6E8 /* ShoppingViewController.m in Sources */,
				4F7E2DE81D926FA700C5E6E8 /* BaseNavigationViewController.m in Sources */,
				4F9499D21D9A6CBC00F57A57 /* CategoryListBaseClass.m in Sources */,
				4FD495441D95089500A851AD /* NewsTableCell.m in Sources */,
				4F8CB4A91D9B89B000180842 /* TBSaleView.m in Sources */,
				4F9499C11D9A4C1200F57A57 /* CommodityViewBL.m in Sources */,
				4FD41E601D9B73F700BD2896 /* CategorySubViewController.m in Sources */,
				4F9499C41D9A4E8E00F57A57 /* ShoppingModelBaseClass.m in Sources */,
				4F314F1F1D937E0900EAFAA3 /* ToTopLabel.m in Sources */,
				4FD495411D9501DD00A851AD /* VisionMagModel.m in Sources */,
				4F7E2DCE1D925FAC00C5E6E8 /* BootViewController.m in Sources */,
				4F7E2DEE1D92707100C5E6E8 /* DesignerViewController.m in Sources */,
				4F7E2DD51D926CFD00C5E6E8 /* NTViewController.m in Sources */,
				4FD4953E1D94FD0600A851AD /* NewsTableVC.m in Sources */,
				4F7E2DA91D9257B900C5E6E8 /* main.m in Sources */,
				4F7E2DF71D92722A00C5E6E8 /* NTButton.m in Sources */,
				4F314F221D93BC5500EAFAA3 /* VisionMagDetailViewController.m in Sources */,
				4F7E2DE41D926F3500C5E6E8 /* SelectionViewController.m in Sources */,
				4F7E2DFA1D92AC0400C5E6E8 /* MyRequest.m in Sources */,
				4FD1B0B41D9BA9BE00171F9D /* FTWCache.m in Sources */,
				4F8285BC1D936ECB00DA9BFF /* SelectionCustomView.m in Sources */,
				4F8285B91D936D0500DA9BFF /* SelectionModelList.m in Sources */,
				4F9499BE1D9A45C100F57A57 /* CommodityView.m in Sources */,
				4F8CB4AC1D9B90CC00180842 /* CommodityDetailViewController.m in Sources */,
				4F314F321D93C45700EAFAA3 /* Tool.m in Sources */,
				4F9499CC1D9A6B2600F57A57 /* CategoryView.m in Sources */,
				4F7E2DEB1D92700900C5E6E8 /* NewsViewController.m in Sources */,
				4F7E2DF41D9270CD00C5E6E8 /* MoreViewController.m in Sources */,
				4F9499C71D9A521100F57A57 /* CommodityCell.m in Sources */,
			);
			runOnlyForDeploymentPostprocessing = 0;
		};
		4F7E2DB91D9257B900C5E6E8 /* Sources */ = {
			isa = PBXSourcesBuildPhase;
			buildActionMask = 2147483647;
			files = (
				4F7E2DC21D9257B900C5E6E8 /* CreativeMagazineUITests.m in Sources */,
			);
			runOnlyForDeploymentPostprocessing = 0;
		};
/* End PBXSourcesBuildPhase section */

/* Begin PBXTargetDependency section */
		4F7E2DBF1D9257B900C5E6E8 /* PBXTargetDependency */ = {
			isa = PBXTargetDependency;
			target = 4F7E2DA31D9257B900C5E6E8 /* CreativeMagazine */;
			targetProxy = 4F7E2DBE1D9257B900C5E6E8 /* PBXContainerItemProxy */;
		};
/* End PBXTargetDependency section */

/* Begin PBXVariantGroup section */
		4F7E2DB01D9257B900C5E6E8 /* Main.storyboard */ = {
			isa = PBXVariantGroup;
			children = (
				4F7E2DB11D9257B900C5E6E8 /* Base */,
			);
			name = Main.storyboard;
			sourceTree = "<group>";
		};
		4F7E2DB51D9257B900C5E6E8 /* LaunchScreen.storyboard */ = {
			isa = PBXVariantGroup;
			children = (
				4F7E2DB61D9257B900C5E6E8 /* Base */,
			);
			name = LaunchScreen.storyboard;
			sourceTree = "<group>";
		};
/* End PBXVariantGroup section */

/* Begin XCBuildConfiguration section */
		4F7E2DC41D9257B900C5E6E8 /* Debug */ = {
			isa = XCBuildConfiguration;
			buildSettings = {
				ALWAYS_SEARCH_USER_PATHS = NO;
				CLANG_ANALYZER_NONNULL = YES;
				CLANG_CXX_LANGUAGE_STANDARD = "gnu++0x";
				CLANG_CXX_LIBRARY = "libc++";
				CLANG_ENABLE_MODULES = YES;
				CLANG_ENABLE_OBJC_ARC = YES;
				CLANG_WARN_BOOL_CONVERSION = YES;
				CLANG_WARN_CONSTANT_CONVERSION = YES;
				CLANG_WARN_DIRECT_OBJC_ISA_USAGE = YES_ERROR;
				CLANG_WARN_DOCUMENTATION_COMMENTS = YES;
				CLANG_WARN_EMPTY_BODY = YES;
				CLANG_WARN_ENUM_CONVERSION = YES;
				CLANG_WARN_INFINITE_RECURSION = YES;
				CLANG_WARN_INT_CONVERSION = YES;
				CLANG_WARN_OBJC_ROOT_CLASS = YES_ERROR;
				CLANG_WARN_SUSPICIOUS_MOVE = YES;
				CLANG_WARN_SUSPICIOUS_MOVES = YES;
				CLANG_WARN_UNREACHABLE_CODE = YES;
				CLANG_WARN__DUPLICATE_METHOD_MATCH = YES;
				"CODE_SIGN_IDENTITY[sdk=iphoneos*]" = "iPhone Developer";
				COPY_PHASE_STRIP = NO;
				DEBUG_INFORMATION_FORMAT = dwarf;
				ENABLE_STRICT_OBJC_MSGSEND = YES;
				ENABLE_TESTABILITY = YES;
				GCC_C_LANGUAGE_STANDARD = gnu99;
				GCC_DYNAMIC_NO_PIC = NO;
				GCC_NO_COMMON_BLOCKS = YES;
				GCC_OPTIMIZATION_LEVEL = 0;
				GCC_PREPROCESSOR_DEFINITIONS = (
					"DEBUG=1",
					"$(inherited)",
				);
				GCC_WARN_64_TO_32_BIT_CONVERSION = YES;
				GCC_WARN_ABOUT_RETURN_TYPE = YES_ERROR;
				GCC_WARN_UNDECLARED_SELECTOR = YES;
				GCC_WARN_UNINITIALIZED_AUTOS = YES_AGGRESSIVE;
				GCC_WARN_UNUSED_FUNCTION = YES;
				GCC_WARN_UNUSED_VARIABLE = YES;
				IPHONEOS_DEPLOYMENT_TARGET = 10.0;
				MTL_ENABLE_DEBUG_INFO = YES;
				ONLY_ACTIVE_ARCH = YES;
				SDKROOT = iphoneos;
			};
			name = Debug;
		};
		4F7E2DC51D9257B900C5E6E8 /* Release */ = {
			isa = XCBuildConfiguration;
			buildSettings = {
				ALWAYS_SEARCH_USER_PATHS = NO;
				CLANG_ANALYZER_NONNULL = YES;
				CLANG_CXX_LANGUAGE_STANDARD = "gnu++0x";
				CLANG_CXX_LIBRARY = "libc++";
				CLANG_ENABLE_MODULES = YES;
				CLANG_ENABLE_OBJC_ARC = YES;
				CLANG_WARN_BOOL_CONVERSION = YES;
				CLANG_WARN_CONSTANT_CONVERSION = YES;
				CLANG_WARN_DIRECT_OBJC_ISA_USAGE = YES_ERROR;
				CLANG_WARN_DOCUMENTATION_COMMENTS = YES;
				CLANG_WARN_EMPTY_BODY = YES;
				CLANG_WARN_ENUM_CONVERSION = YES;
				CLANG_WARN_INFINITE_RECURSION = YES;
				CLANG_WARN_INT_CONVERSION = YES;
				CLANG_WARN_OBJC_ROOT_CLASS = YES_ERROR;
				CLANG_WARN_SUSPICIOUS_MOVE = YES;
				CLANG_WARN_SUSPICIOUS_MOVES = YES;
				CLANG_WARN_UNREACHABLE_CODE = YES;
				CLANG_WARN__DUPLICATE_METHOD_MATCH = YES;
				"CODE_SIGN_IDENTITY[sdk=iphoneos*]" = "iPhone Developer";
				COPY_PHASE_STRIP = NO;
				DEBUG_INFORMATION_FORMAT = "dwarf-with-dsym";
				ENABLE_NS_ASSERTIONS = NO;
				ENABLE_STRICT_OBJC_MSGSEND = YES;
				GCC_C_LANGUAGE_STANDARD = gnu99;
				GCC_NO_COMMON_BLOCKS = YES;
				GCC_WARN_64_TO_32_BIT_CONVERSION = YES;
				GCC_WARN_ABOUT_RETURN_TYPE = YES_ERROR;
				GCC_WARN_UNDECLARED_SELECTOR = YES;
				GCC_WARN_UNINITIALIZED_AUTOS = YES_AGGRESSIVE;
				GCC_WARN_UNUSED_FUNCTION = YES;
				GCC_WARN_UNUSED_VARIABLE = YES;
				IPHONEOS_DEPLOYMENT_TARGET = 10.0;
				MTL_ENABLE_DEBUG_INFO = NO;
				SDKROOT = iphoneos;
				VALIDATE_PRODUCT = YES;
			};
			name = Release;
		};
		4F7E2DC71D9257B900C5E6E8 /* Debug */ = {
			isa = XCBuildConfiguration;
			baseConfigurationReference = 0CC10F5BD2AD1B221E66040F /* Pods-CreativeMagazine.debug.xcconfig */;
			buildSettings = {
				ASSETCATALOG_COMPILER_APPICON_NAME = AppIcon;
				DEVELOPMENT_TEAM = UWQPN2RE82;
				INFOPLIST_FILE = CreativeMagazine/Info.plist;
				IPHONEOS_DEPLOYMENT_TARGET = 8.0;
				LD_RUNPATH_SEARCH_PATHS = "$(inherited) @executable_path/Frameworks";
				PRODUCT_BUNDLE_IDENTIFIER = niugaohang.CreativeMagazine;
				PRODUCT_NAME = "$(TARGET_NAME)";
			};
			name = Debug;
		};
		4F7E2DC81D9257B900C5E6E8 /* Release */ = {
			isa = XCBuildConfiguration;
			baseConfigurationReference = 067F5F668C3D3CAA49B9B176 /* Pods-CreativeMagazine.release.xcconfig */;
			buildSettings = {
				ASSETCATALOG_COMPILER_APPICON_NAME = AppIcon;
				DEVELOPMENT_TEAM = UWQPN2RE82;
				INFOPLIST_FILE = CreativeMagazine/Info.plist;
				IPHONEOS_DEPLOYMENT_TARGET = 8.0;
				LD_RUNPATH_SEARCH_PATHS = "$(inherited) @executable_path/Frameworks";
				PRODUCT_BUNDLE_IDENTIFIER = niugaohang.CreativeMagazine;
				PRODUCT_NAME = "$(TARGET_NAME)";
			};
			name = Release;
		};
		4F7E2DCA1D9257B900C5E6E8 /* Debug */ = {
			isa = XCBuildConfiguration;
			buildSettings = {
				INFOPLIST_FILE = CreativeMagazineUITests/Info.plist;
				LD_RUNPATH_SEARCH_PATHS = "$(inherited) @executable_path/Frameworks @loader_path/Frameworks";
				PRODUCT_BUNDLE_IDENTIFIER = niugaohang.CreativeMagazineUITests;
				PRODUCT_NAME = "$(TARGET_NAME)";
				TEST_TARGET_NAME = CreativeMagazine;
			};
			name = Debug;
		};
		4F7E2DCB1D9257B900C5E6E8 /* Release */ = {
			isa = XCBuildConfiguration;
			buildSettings = {
				INFOPLIST_FILE = CreativeMagazineUITests/Info.plist;
				LD_RUNPATH_SEARCH_PATHS = "$(inherited) @executable_path/Frameworks @loader_path/Frameworks";
				PRODUCT_BUNDLE_IDENTIFIER = niugaohang.CreativeMagazineUITests;
				PRODUCT_NAME = "$(TARGET_NAME)";
				TEST_TARGET_NAME = CreativeMagazine;
			};
			name = Release;
		};
/* End XCBuildConfiguration section */

/* Begin XCConfigurationList section */
		4F7E2D9F1D9257B900C5E6E8 /* Build configuration list for PBXProject "CreativeMagazine" */ = {
			isa = XCConfigurationList;
			buildConfigurations = (
				4F7E2DC41D9257B900C5E6E8 /* Debug */,
				4F7E2DC51D9257B900C5E6E8 /* Release */,
			);
			defaultConfigurationIsVisible = 0;
			defaultConfigurationName = Release;
		};
		4F7E2DC61D9257B900C5E6E8 /* Build configuration list for PBXNativeTarget "CreativeMagazine" */ = {
			isa = XCConfigurationList;
			buildConfigurations = (
				4F7E2DC71D9257B900C5E6E8 /* Debug */,
				4F7E2DC81D9257B900C5E6E8 /* Release */,
			);
			defaultConfigurationIsVisible = 0;
			defaultConfigurationName = Release;
		};
		4F7E2DC91D9257B900C5E6E8 /* Build configuration list for PBXNativeTarget "CreativeMagazineUITests" */ = {
			isa = XCConfigurationList;
			buildConfigurations = (
				4F7E2DCA1D9257B900C5E6E8 /* Debug */,
				4F7E2DCB1D9257B900C5E6E8 /* Release */,
			);
			defaultConfigurationIsVisible = 0;
			defaultConfigurationName = Release;
		};
/* End XCConfigurationList section */
	};
	rootObject = 4F7E2D9C1D9257B900C5E6E8 /* Project object */;
}
